
Microsoft Visual Studio Solution File, Format Version 12.00
# Visual Studio Version 16
VisualStudioVersion = 16.0.30611.23
MinimumVisualStudioVersion = 10.0.40219.1
Project("{FAE04EC0-301F-11D3-BF4B-00C04F79EFBC}") = "Ciocoiu_Cristian_Lab2", "Ciocoiu_Cristian_Lab2.csproj", "{B3850CE9-6E68-43ED-9E8A-3CC71E903F9B}"
EndProject
Global
	GlobalSection(SolutionConfigurationPlatforms) = preSolution
		Debug|Any CPU = Debug|Any CPU
		Release|Any CPU = Release|Any CPU
	EndGlobalSection
	GlobalSection(ProjectConfigurationPlatforms) = postSolution
		{B3850CE9-6E68-43ED-9E8A-3CC71E903F9B}.Debug|Any CPU.ActiveCfg = Debug|Any CPU
		{B3850CE9-6E68-43ED-9E8A-3CC71E903F9B}.Debug|Any CPU.Build.0 = Debug|Any CPU
		{B3850CE9-6E68-43ED-9E8A-3CC71E903F9B}.Release|Any CPU.ActiveCfg = Release|Any CPU
		{B3850CE9-6E68-43ED-9E8A-3CC71E903F9B}.Release|Any CPU.Build.0 = Release|Any CPU
	EndGlobalSection
	GlobalSection(SolutionProperties) = preSolution
		HideSolutionNode = FALSE
	EndGlobalSection
	GlobalSection(ExtensibilityGlobals) = postSolution
		SolutionGuid = {EC7780F1-17B2-407F-BAA8-949D16D88D1A}
	EndGlobalSection
EndGlobal
